<?xml version="1.0" encoding="utf-8"?>
<Project ToolsVersion="4.0" xmlns="http://schemas.microsoft.com/developer/msbuild/2003">
  <ItemGroup>
    <Filter Include="shader">
      <UniqueIdentifier>{12a2b2f1-f130-4e7f-bc9b-fc223e277f04}</UniqueIdentifier>
    </Filter>
    <Filter Include="helper">
      <UniqueIdentifier>{a9850b99-67c5-49d2-9e67-b7e8cee5c38b}</UniqueIdentifier>
    </Filter>
    <Filter Include="testCases">
      <UniqueIdentifier>{56075788-20da-4563-9cce-1d9d54c02094}</UniqueIdentifier>
    </Filter>
    <Filter Include="win">
      <UniqueIdentifier>{bee0794a-535a-4a02-b01e-22c821e8530d}</UniqueIdentifier>
    </Filter>
    <Filter Include="camera">
      <UniqueIdentifier>{304b4fd8-991b-4eca-bc0e-887c57af766e}</UniqueIdentifier>
    </Filter>
    <Filter Include="base">
      <UniqueIdentifier>{93995380-89BD-4b04-88EB-625FBE52EBFB}</UniqueIdentifier>
      <Extensions>h;hh;hpp;hxx;hm;inl;inc;ipp;xsd</Extensions>
    </Filter>
    <Filter Include="base\header">
      <UniqueIdentifier>{b5867ee3-195f-47d0-b094-f2a4d0d45924}</UniqueIdentifier>
    </Filter>
    <Filter Include="base\src">
      <UniqueIdentifier>{17374d68-2821-4cb3-ac58-cadb4705cebb}</UniqueIdentifier>
    </Filter>
    <Filter Include="testCases\test_1">
      <UniqueIdentifier>{c8f901fe-eaf1-4ee4-bdfc-b9aca45fd7b6}</UniqueIdentifier>
    </Filter>
    <Filter Include="testCases\test_2">
      <UniqueIdentifier>{1eafb7ac-bc75-40e9-ab65-154b59d0c448}</UniqueIdentifier>
    </Filter>
  </ItemGroup>
  <ItemGroup>
    <ClInclude Include="win32.h">
      <Filter>win</Filter>
    </ClInclude>
    <ClInclude Include="mBase.h">
      <Filter>base\header</Filter>
    </ClInclude>
    <ClInclude Include="mColor.h">
      <Filter>base\header</Filter>
    </ClInclude>
    <ClInclude Include="mDevice.h">
      <Filter>base\header</Filter>
    </ClInclude>
    <ClInclude Include="mMath.hpp">
      <Filter>base\header</Filter>
    </ClInclude>
    <ClInclude Include="mPaint.h">
      <Filter>base\header</Filter>
    </ClInclude>
    <ClInclude Include="mPoint.h">
      <Filter>base\header</Filter>
    </ClInclude>
    <ClInclude Include="mFPSCamera.h">
      <Filter>camera</Filter>
    </ClInclude>
    <ClInclude Include="mFPSCameraHelper.h">
      <Filter>helper</Filter>
    </ClInclude>
    <ClInclude Include="mVertex.h">
      <Filter>base\header</Filter>
    </ClInclude>
    <ClInclude Include="mModel.h">
      <Filter>base\header</Filter>
    </ClInclude>
    <ClInclude Include="mTexture.h">
      <Filter>base\header</Filter>
    </ClInclude>
    <ClInclude Include="mShader.h">
      <Filter>shader</Filter>
    </ClInclude>
    <ClInclude Include="mOrbitalCameraHelper.h">
      <Filter>helper</Filter>
    </ClInclude>
    <ClInclude Include="mOrbitalCamera.h">
      <Filter>camera</Filter>
    </ClInclude>
    <ClInclude Include="testOCH.h">
      <Filter>testCases</Filter>
    </ClInclude>
    <ClInclude Include="Shader_1.h">
      <Filter>testCases\test_1</Filter>
    </ClInclude>
    <ClInclude Include="Shader_2.h">
      <Filter>testCases\test_2</Filter>
    </ClInclude>
    <ClInclude Include="test_1_phong.h">
      <Filter>testCases\test_1</Filter>
    </ClInclude>
    <ClInclude Include="test_2_shadow.h">
      <Filter>testCases\test_2</Filter>
    </ClInclude>
  </ItemGroup>
  <ItemGroup>
    <ClCompile Include="win32.cpp">
      <Filter>win</Filter>
    </ClCompile>
    <ClCompile Include="mPaint.cpp">
      <Filter>base\src</Filter>
    </ClCompile>
    <ClCompile Include="mModel.cpp">
      <Filter>base\src</Filter>
    </ClCompile>
    <ClCompile Include="mTexture.cpp">
      <Filter>base\src</Filter>
    </ClCompile>
    <ClCompile Include="mFPSCameraHelper.cpp">
      <Filter>helper</Filter>
    </ClCompile>
    <ClCompile Include="mOrbitalCameraHelper.cpp">
      <Filter>helper</Filter>
    </ClCompile>
    <ClCompile Include="mOrbitalCamera.cpp">
      <Filter>camera</Filter>
    </ClCompile>
    <ClCompile Include="testOCH.cpp">
      <Filter>testCases</Filter>
    </ClCompile>
    <ClCompile Include="main.cpp" />
    <ClCompile Include="modelPreproccessor.h">
      <Filter>testCases</Filter>
    </ClCompile>
    <ClCompile Include="test_1_phong.cpp">
      <Filter>testCases\test_1</Filter>
    </ClCompile>
    <ClCompile Include="test_2_shadow.cpp">
      <Filter>testCases\test_2</Filter>
    </ClCompile>
  </ItemGroup>
  <ItemGroup>
    <Text Include="..\日志\日志.txt" />
    <Text Include="TodoList.txt" />
  </ItemGroup>
</Project>